
Microsoft Visual Studio Solution File, Format Version 12.00
# Visual Studio Version 16
VisualStudioVersion = 16.0.29613.14
MinimumVisualStudioVersion = 10.0.40219.1
Project("{FAE04EC0-301F-11D3-BF4B-00C04F79EFBC}") = "BeatySaloonApp", "BeatySaloonApp\BeatySaloonApp.csproj", "{6B7DBBC4-0A28-4D4D-BEB8-8D91D7E0CAB7}"
EndProject
Global
	GlobalSection(SolutionConfigurationPlatforms) = preSolution
		Debug|Any CPU = Debug|Any CPU
		Release|Any CPU = Release|Any CPU
	EndGlobalSection
	GlobalSection(ProjectConfigurationPlatforms) = postSolution
		{6B7DBBC4-0A28-4D4D-BEB8-8D91D7E0CAB7}.Debug|Any CPU.ActiveCfg = Debug|Any CPU
		{6B7DBBC4-0A28-4D4D-BEB8-8D91D7E0CAB7}.Debug|Any CPU.Build.0 = Debug|Any CPU
		{6B7DBBC4-0A28-4D4D-BEB8-8D91D7E0CAB7}.Release|Any CPU.ActiveCfg = Release|Any CPU
		{6B7DBBC4-0A28-4D4D-BEB8-8D91D7E0CAB7}.Release|Any CPU.Build.0 = Release|Any CPU
	EndGlobalSection
	GlobalSection(SolutionProperties) = preSolution
		HideSolutionNode = FALSE
	EndGlobalSection
	GlobalSection(ExtensibilityGlobals) = postSolution
		SolutionGuid = {ADADCD0D-9179-4539-88E7-6041D85B7AA0}
	EndGlobalSection
EndGlobal
